
Microsoft Visual Studio Solution File, Format Version 12.00
# Visual Studio 15
VisualStudioVersion = 15.0.28307.329
MinimumVisualStudioVersion = 10.0.40219.1
Project("{FAE04EC0-301F-11D3-BF4B-00C04F79EFBC}") = "4. Stunde", "4. Stunde\4. Stunde.csproj", "{B250EBE4-51BB-42A5-927F-DC589EF8A589}"
EndProject
Global
	GlobalSection(SolutionConfigurationPlatforms) = preSolution
		Debug|Any CPU = Debug|Any CPU
		Release|Any CPU = Release|Any CPU
	EndGlobalSection
	GlobalSection(ProjectConfigurationPlatforms) = postSolution
		{B250EBE4-51BB-42A5-927F-DC589EF8A589}.Debug|Any CPU.ActiveCfg = Debug|Any CPU
		{B250EBE4-51BB-42A5-927F-DC589EF8A589}.Debug|Any CPU.Build.0 = Debug|Any CPU
		{B250EBE4-51BB-42A5-927F-DC589EF8A589}.Release|Any CPU.ActiveCfg = Release|Any CPU
		{B250EBE4-51BB-42A5-927F-DC589EF8A589}.Release|Any CPU.Build.0 = Release|Any CPU
	EndGlobalSection
	GlobalSection(SolutionProperties) = preSolution
		HideSolutionNode = FALSE
	EndGlobalSection
	GlobalSection(ExtensibilityGlobals) = postSolution
		SolutionGuid = {7B5C07F0-0E4D-4A14-BFBF-B1918115F05A}
	EndGlobalSection
EndGlobal
