
Microsoft Visual Studio Solution File, Format Version 12.00
# Visual Studio 15
VisualStudioVersion = 15.0.28307.271
MinimumVisualStudioVersion = 10.0.40219.1
Project("{FAE04EC0-301F-11D3-BF4B-00C04F79EFBC}") = "Hausaufgabe 7", "Hausaufgabe 7\Hausaufgabe 7.csproj", "{231DBA49-BC7A-4D31-838B-91C8D6EFF4A2}"
EndProject
Global
	GlobalSection(SolutionConfigurationPlatforms) = preSolution
		Debug|Any CPU = Debug|Any CPU
		Release|Any CPU = Release|Any CPU
	EndGlobalSection
	GlobalSection(ProjectConfigurationPlatforms) = postSolution
		{231DBA49-BC7A-4D31-838B-91C8D6EFF4A2}.Debug|Any CPU.ActiveCfg = Debug|Any CPU
		{231DBA49-BC7A-4D31-838B-91C8D6EFF4A2}.Debug|Any CPU.Build.0 = Debug|Any CPU
		{231DBA49-BC7A-4D31-838B-91C8D6EFF4A2}.Release|Any CPU.ActiveCfg = Release|Any CPU
		{231DBA49-BC7A-4D31-838B-91C8D6EFF4A2}.Release|Any CPU.Build.0 = Release|Any CPU
	EndGlobalSection
	GlobalSection(SolutionProperties) = preSolution
		HideSolutionNode = FALSE
	EndGlobalSection
	GlobalSection(ExtensibilityGlobals) = postSolution
		SolutionGuid = {01F54F55-9267-4B02-B835-71CD4C5D7895}
	EndGlobalSection
EndGlobal
