
Microsoft Visual Studio Solution File, Format Version 12.00
# Visual Studio 14
VisualStudioVersion = 14.0.25420.1
MinimumVisualStudioVersion = 10.0.40219.1
Project("{FAE04EC0-301F-11D3-BF4B-00C04F79EFBC}") = "Würfel Volumen und Oberfläche", "Würfel Volumen und Oberfläche.csproj", "{6F128E0C-E477-41DA-B568-69098F09C5A3}"
EndProject
Global
	GlobalSection(SolutionConfigurationPlatforms) = preSolution
		Debug|Any CPU = Debug|Any CPU
		Release|Any CPU = Release|Any CPU
	EndGlobalSection
	GlobalSection(ProjectConfigurationPlatforms) = postSolution
		{6F128E0C-E477-41DA-B568-69098F09C5A3}.Debug|Any CPU.ActiveCfg = Debug|Any CPU
		{6F128E0C-E477-41DA-B568-69098F09C5A3}.Debug|Any CPU.Build.0 = Debug|Any CPU
		{6F128E0C-E477-41DA-B568-69098F09C5A3}.Release|Any CPU.ActiveCfg = Release|Any CPU
		{6F128E0C-E477-41DA-B568-69098F09C5A3}.Release|Any CPU.Build.0 = Release|Any CPU
	EndGlobalSection
	GlobalSection(SolutionProperties) = preSolution
		HideSolutionNode = FALSE
	EndGlobalSection
EndGlobal
