
Microsoft Visual Studio Solution File, Format Version 12.00
# Visual Studio 15
VisualStudioVersion = 15.0.28307.271
MinimumVisualStudioVersion = 10.0.40219.1
Project("{FAE04EC0-301F-11D3-BF4B-00C04F79EFBC}") = "1.18 Interaktion von Entities", "1.18 Interaktion von Entities\1.18 Interaktion von Entities.csproj", "{809EE7A9-1032-43AB-A6BB-6B09A8C8360F}"
EndProject
Global
	GlobalSection(SolutionConfigurationPlatforms) = preSolution
		Debug|Any CPU = Debug|Any CPU
		Release|Any CPU = Release|Any CPU
	EndGlobalSection
	GlobalSection(ProjectConfigurationPlatforms) = postSolution
		{809EE7A9-1032-43AB-A6BB-6B09A8C8360F}.Debug|Any CPU.ActiveCfg = Debug|Any CPU
		{809EE7A9-1032-43AB-A6BB-6B09A8C8360F}.Debug|Any CPU.Build.0 = Debug|Any CPU
		{809EE7A9-1032-43AB-A6BB-6B09A8C8360F}.Release|Any CPU.ActiveCfg = Release|Any CPU
		{809EE7A9-1032-43AB-A6BB-6B09A8C8360F}.Release|Any CPU.Build.0 = Release|Any CPU
	EndGlobalSection
	GlobalSection(SolutionProperties) = preSolution
		HideSolutionNode = FALSE
	EndGlobalSection
	GlobalSection(ExtensibilityGlobals) = postSolution
		SolutionGuid = {17436CA9-DBD1-40AB-8543-C249779A41F8}
	EndGlobalSection
EndGlobal
